
Microsoft Visual Studio Solution File, Format Version 12.00
# Visual Studio Version 17
VisualStudioVersion = 17.10.35013.160
MinimumVisualStudioVersion = 10.0.40219.1
Project("{9A19103F-16F7-4668-BE54-9A1E7A4F7556}") = "MultiLevelCache.Sql", "MultiLevelCache.Sql\MultiLevelCache.Sql.csproj", "{A10F6451-68C6-48F6-AC5A-743E7D99C4E2}"
EndProject
Global
	GlobalSection(SolutionConfigurationPlatforms) = preSolution
		Debug|Any CPU = Debug|Any CPU
		Release|Any CPU = Release|Any CPU
	EndGlobalSection
	GlobalSection(ProjectConfigurationPlatforms) = postSolution
		{A10F6451-68C6-48F6-AC5A-743E7D99C4E2}.Debug|Any CPU.ActiveCfg = Debug|Any CPU
		{A10F6451-68C6-48F6-AC5A-743E7D99C4E2}.Debug|Any CPU.Build.0 = Debug|Any CPU
		{A10F6451-68C6-48F6-AC5A-743E7D99C4E2}.Release|Any CPU.ActiveCfg = Release|Any CPU
		{A10F6451-68C6-48F6-AC5A-743E7D99C4E2}.Release|Any CPU.Build.0 = Release|Any CPU
	EndGlobalSection
	GlobalSection(SolutionProperties) = preSolution
		HideSolutionNode = FALSE
	EndGlobalSection
	GlobalSection(ExtensibilityGlobals) = postSolution
		SolutionGuid = {17B35A00-97BC-4EBE-9A01-3844806F44D2}
	EndGlobalSection
EndGlobal
