
Microsoft Visual Studio Solution File, Format Version 12.00
# Visual Studio Version 17
VisualStudioVersion = 17.10.35013.160
MinimumVisualStudioVersion = 10.0.40219.1
Project("{9A19103F-16F7-4668-BE54-9A1E7A4F7556}") = "MultiLevelCache.Redis", "MultiLevelCache.Redis\MultiLevelCache.Redis.csproj", "{15BABE2C-D37B-4436-8A26-8E06042E660B}"
EndProject
Global
	GlobalSection(SolutionConfigurationPlatforms) = preSolution
		Debug|Any CPU = Debug|Any CPU
		Release|Any CPU = Release|Any CPU
	EndGlobalSection
	GlobalSection(ProjectConfigurationPlatforms) = postSolution
		{15BABE2C-D37B-4436-8A26-8E06042E660B}.Debug|Any CPU.ActiveCfg = Debug|Any CPU
		{15BABE2C-D37B-4436-8A26-8E06042E660B}.Debug|Any CPU.Build.0 = Debug|Any CPU
		{15BABE2C-D37B-4436-8A26-8E06042E660B}.Release|Any CPU.ActiveCfg = Release|Any CPU
		{15BABE2C-D37B-4436-8A26-8E06042E660B}.Release|Any CPU.Build.0 = Release|Any CPU
	EndGlobalSection
	GlobalSection(SolutionProperties) = preSolution
		HideSolutionNode = FALSE
	EndGlobalSection
	GlobalSection(ExtensibilityGlobals) = postSolution
		SolutionGuid = {16218E28-252A-4267-938B-C470F9F140EF}
	EndGlobalSection
EndGlobal
